
Microsoft Visual Studio Solution File, Format Version 12.00
# Visual Studio 15
VisualStudioVersion = 15.0.28307.757
MinimumVisualStudioVersion = 10.0.40219.1
Project("{8BC9CEB8-8B4A-11D0-8D11-00A0C91BC942}") = "hw7", "hw7.vcxproj", "{1EEC6101-042A-4141-87D6-AB491CE4C59D}"
EndProject
Global
	GlobalSection(SolutionConfigurationPlatforms) = preSolution
		Debug|x64 = Debug|x64
		Debug|x86 = Debug|x86
		MASM|x64 = MASM|x64
		MASM|x86 = MASM|x86
		Release|x64 = Release|x64
		Release|x86 = Release|x86
	EndGlobalSection
	GlobalSection(ProjectConfigurationPlatforms) = postSolution
		{1EEC6101-042A-4141-87D6-AB491CE4C59D}.Debug|x64.ActiveCfg = Debug|x64
		{1EEC6101-042A-4141-87D6-AB491CE4C59D}.Debug|x64.Build.0 = Debug|x64
		{1EEC6101-042A-4141-87D6-AB491CE4C59D}.Debug|x86.ActiveCfg = Debug|Win32
		{1EEC6101-042A-4141-87D6-AB491CE4C59D}.Debug|x86.Build.0 = Debug|Win32
		{1EEC6101-042A-4141-87D6-AB491CE4C59D}.MASM|x64.ActiveCfg = MASM|x64
		{1EEC6101-042A-4141-87D6-AB491CE4C59D}.MASM|x64.Build.0 = MASM|x64
		{1EEC6101-042A-4141-87D6-AB491CE4C59D}.MASM|x86.ActiveCfg = MASM|Win32
		{1EEC6101-042A-4141-87D6-AB491CE4C59D}.MASM|x86.Build.0 = MASM|Win32
		{1EEC6101-042A-4141-87D6-AB491CE4C59D}.Release|x64.ActiveCfg = Release|x64
		{1EEC6101-042A-4141-87D6-AB491CE4C59D}.Release|x64.Build.0 = Release|x64
		{1EEC6101-042A-4141-87D6-AB491CE4C59D}.Release|x86.ActiveCfg = Release|Win32
		{1EEC6101-042A-4141-87D6-AB491CE4C59D}.Release|x86.Build.0 = Release|Win32
	EndGlobalSection
	GlobalSection(SolutionProperties) = preSolution
		HideSolutionNode = FALSE
	EndGlobalSection
	GlobalSection(ExtensibilityGlobals) = postSolution
		SolutionGuid = {5F297549-5E15-411B-AD37-7ADF54FE90AA}
	EndGlobalSection
EndGlobal
